// !$*UTF8*$!
{
	archiveVersion = 1;
	classes = {
	};
	objectVersion = 55;
	objects = {

/* Begin PBXBuildFile section */
		FE593BD4295A0A5B00DFCD51 /* InstaCloneApp.swift in Sources */ = {isa = PBXBuildFile; fileRef = FE593BD3295A0A5B00DFCD51 /* InstaCloneApp.swift */; };
		FE593BD6295A0A5B00DFCD51 /* ContentView.swift in Sources */ = {isa = PBXBuildFile; fileRef = FE593BD5295A0A5B00DFCD51 /* ContentView.swift */; };
		FE593BD8295A0A5C00DFCD51 /* Assets.xcassets in Resources */ = {isa = PBXBuildFile; fileRef = FE593BD7295A0A5C00DFCD51 /* Assets.xcassets */; };
		FE593BDB295A0A5C00DFCD51 /* Preview Assets.xcassets in Resources */ = {isa = PBXBuildFile; fileRef = FE593BDA295A0A5C00DFCD51 /* Preview Assets.xcassets */; };
		FE593BEC295A170C00DFCD51 /* FeedView.swift in Sources */ = {isa = PBXBuildFile; fileRef = FE593BEB295A170C00DFCD51 /* FeedView.swift */; };
		FE593BEE295A176100DFCD51 /* StoryView.swift in Sources */ = {isa = PBXBuildFile; fileRef = FE593BED295A176100DFCD51 /* StoryView.swift */; };
		FE593BF0295A1A6500DFCD51 /* PostView.swift in Sources */ = {isa = PBXBuildFile; fileRef = FE593BEF295A1A6500DFCD51 /* PostView.swift */; };
/* End PBXBuildFile section */

/* Begin PBXFileReference section */
		FE593BD0295A0A5B00DFCD51 /* InstaClone.app */ = {isa = PBXFileReference; explicitFileType = wrapper.application; includeInIndex = 0; path = InstaClone.app; sourceTree = BUILT_PRODUCTS_DIR; };
		FE593BD3295A0A5B00DFCD51 /* InstaCloneApp.swift */ = {isa = PBXFileReference; lastKnownFileType = sourcecode.swift; path = InstaCloneApp.swift; sourceTree = "<group>"; };
		FE593BD5295A0A5B00DFCD51 /* ContentView.swift */ = {isa = PBXFileReference; lastKnownFileType = sourcecode.swift; path = ContentView.swift; sourceTree = "<group>"; };
		FE593BD7295A0A5C00DFCD51 /* Assets.xcassets */ = {isa = PBXFileReference; lastKnownFileType = folder.assetcatalog; path = Assets.xcassets; sourceTree = "<group>"; };
		FE593BDA295A0A5C00DFCD51 /* Preview Assets.xcassets */ = {isa = PBXFileReference; lastKnownFileType = folder.assetcatalog; path = "Preview Assets.xcassets"; sourceTree = "<group>"; };
		FE593BEB295A170C00DFCD51 /* FeedView.swift */ = {isa = PBXFileReference; lastKnownFileType = sourcecode.swift; path = FeedView.swift; sourceTree = "<group>"; };
		FE593BED295A176100DFCD51 /* StoryView.swift */ = {isa = PBXFileReference; lastKnownFileType = sourcecode.swift; path = StoryView.swift; sourceTree = "<group>"; };
		FE593BEF295A1A6500DFCD51 /* PostView.swift */ = {isa = PBXFileReference; lastKnownFileType = sourcecode.swift; path = PostView.swift; sourceTree = "<group>"; };
/* End PBXFileReference section */

/* Begin PBXFrameworksBuildPhase section */
		FE593BCD295A0A5B00DFCD51 /* Frameworks */ = {
			isa = PBXFrameworksBuildPhase;
			buildActionMask = 2147483647;
			files = (
			);
			runOnlyForDeploymentPostprocessing = 0;
		};
/* End PBXFrameworksBuildPhase section */

/* Begin PBXGroup section */
		FE593BC7295A0A5B00DFCD51 = {
			isa = PBXGroup;
			children = (
				FE593BD2295A0A5B00DFCD51 /* InstaClone */,
				FE593BD1295A0A5B00DFCD51 /* Products */,
			);
			sourceTree = "<group>";
		};
		FE593BD1295A0A5B00DFCD51 /* Products */ = {
			isa = PBXGroup;
			children = (
				FE593BD0295A0A5B00DFCD51 /* InstaClone.app */,
			);
			name = Products;
			sourceTree = "<group>";
		};
		FE593BD2295A0A5B00DFCD51 /* InstaClone */ = {
			isa = PBXGroup;
			children = (
				FE593BE7295A166F00DFCD51 /* Components */,
				FE593BE6295A161F00DFCD51 /* Extensions */,
				FE593BE5295A161C00DFCD51 /* Model */,
				FE593BE3295A160600DFCD51 /* New Group */,
				FE593BE1295A14C900DFCD51 /* Core */,
				FE593BD3295A0A5B00DFCD51 /* InstaCloneApp.swift */,
				FE593BD5295A0A5B00DFCD51 /* ContentView.swift */,
				FE593BD7295A0A5C00DFCD51 /* Assets.xcassets */,
				FE593BD9295A0A5C00DFCD51 /* Preview Content */,
			);
			path = InstaClone;
			sourceTree = "<group>";
		};
		FE593BD9295A0A5C00DFCD51 /* Preview Content */ = {
			isa = PBXGroup;
			children = (
				FE593BDA295A0A5C00DFCD51 /* Preview Assets.xcassets */,
			);
			path = "Preview Content";
			sourceTree = "<group>";
		};
		FE593BE1295A14C900DFCD51 /* Core */ = {
			isa = PBXGroup;
			children = (
				FE593BE9295A16B200DFCD51 /* Feed */,
			);
			path = Core;
			sourceTree = "<group>";
		};
		FE593BE3295A160600DFCD51 /* New Group */ = {
			isa = PBXGroup;
			children = (
			);
			path = "New Group";
			sourceTree = "<group>";
		};
		FE593BE5295A161C00DFCD51 /* Model */ = {
			isa = PBXGroup;
			children = (
			);
			path = Model;
			sourceTree = "<group>";
		};
		FE593BE6295A161F00DFCD51 /* Extensions */ = {
			isa = PBXGroup;
			children = (
			);
			path = Extensions;
			sourceTree = "<group>";
		};
		FE593BE7295A166F00DFCD51 /* Components */ = {
			isa = PBXGroup;
			children = (
				FE593BED295A176100DFCD51 /* StoryView.swift */,
				FE593BEF295A1A6500DFCD51 /* PostView.swift */,
			);
			path = Components;
			sourceTree = "<group>";
		};
		FE593BE8295A16AC00DFCD51 /* ViewModels */ = {
			isa = PBXGroup;
			children = (
			);
			path = ViewModels;
			sourceTree = "<group>";
		};
		FE593BE9295A16B200DFCD51 /* Feed */ = {
			isa = PBXGroup;
			children = (
				FE593BEA295A16BA00DFCD51 /* Views */,
				FE593BE8295A16AC00DFCD51 /* ViewModels */,
			);
			path = Feed;
			sourceTree = "<group>";
		};
		FE593BEA295A16BA00DFCD51 /* Views */ = {
			isa = PBXGroup;
			children = (
				FE593BEB295A170C00DFCD51 /* FeedView.swift */,
			);
			path = Views;
			sourceTree = "<group>";
		};
/* End PBXGroup section */

/* Begin PBXNativeTarget section */
		FE593BCF295A0A5B00DFCD51 /* InstaClone */ = {
			isa = PBXNativeTarget;
			buildConfigurationList = FE593BDE295A0A5C00DFCD51 /* Build configuration list for PBXNativeTarget "InstaClone" */;
			buildPhases = (
				FE593BCC295A0A5B00DFCD51 /* Sources */,
				FE593BCD295A0A5B00DFCD51 /* Frameworks */,
				FE593BCE295A0A5B00DFCD51 /* Resources */,
			);
			buildRules = (
			);
			dependencies = (
			);
			name = InstaClone;
			productName = InstaClone;
			productReference = FE593BD0295A0A5B00DFCD51 /* InstaClone.app */;
			productType = "com.apple.product-type.application";
		};
/* End PBXNativeTarget section */

/* Begin PBXProject section */
		FE593BC8295A0A5B00DFCD51 /* Project object */ = {
			isa = PBXProject;
			attributes = {
				BuildIndependentTargetsInParallel = 1;
				LastSwiftUpdateCheck = 1340;
				LastUpgradeCheck = 1340;
				TargetAttributes = {
					FE593BCF295A0A5B00DFCD51 = {
						CreatedOnToolsVersion = 13.4.1;
					};
				};
			};
			buildConfigurationList = FE593BCB295A0A5B00DFCD51 /* Build configuration list for PBXProject "InstaClone" */;
			compatibilityVersion = "Xcode 13.0";
			developmentRegion = en;
			hasScannedForEncodings = 0;
			knownRegions = (
				en,
				Base,
			);
			mainGroup = FE593BC7295A0A5B00DFCD51;
			productRefGroup = FE593BD1295A0A5B00DFCD51 /* Products */;
			projectDirPath = "";
			projectRoot = "";
			targets = (
				FE593BCF295A0A5B00DFCD51 /* InstaClone */,
			);
		};
/* End PBXProject section */

/* Begin PBXResourcesBuildPhase section */
		FE593BCE295A0A5B00DFCD51 /* Resources */ = {
			isa = PBXResourcesBuildPhase;
			buildActionMask = 2147483647;
			files = (
				FE593BDB295A0A5C00DFCD51 /* Preview Assets.xcassets in Resources */,
				FE593BD8295A0A5C00DFCD51 /* Assets.xcassets in Resources */,
			);
			runOnlyForDeploymentPostprocessing = 0;
		};
/* End PBXResourcesBuildPhase section */

/* Begin PBXSourcesBuildPhase section */
		FE593BCC295A0A5B00DFCD51 /* Sources */ = {
			isa = PBXSourcesBuildPhase;
			buildActionMask = 2147483647;
			files = (
				FE593BD6295A0A5B00DFCD51 /* ContentView.swift in Sources */,
				FE593BEC295A170C00DFCD51 /* FeedView.swift in Sources */,
				FE593BEE295A176100DFCD51 /* StoryView.swift in Sources */,
				FE593BF0295A1A6500DFCD51 /* PostView.swift in Sources */,
				FE593BD4295A0A5B00DFCD51 /* InstaCloneApp.swift in Sources */,
			);
			runOnlyForDeploymentPostprocessing = 0;
		};
/* End PBXSourcesBuildPhase section */

/* Begin XCBuildConfiguration section */
		FE593BDC295A0A5C00DFCD51 /* Debug */ = {
			isa = XCBuildConfiguration;
			buildSettings = {
				ALWAYS_SEARCH_USER_PATHS = NO;
				CLANG_ANALYZER_NONNULL = YES;
				CLANG_ANALYZER_NUMBER_OBJECT_CONVERSION = YES_AGGRESSIVE;
				CLANG_CXX_LANGUAGE_STANDARD = "gnu++17";
				CLANG_ENABLE_MODULES = YES;
				CLANG_ENABLE_OBJC_ARC = YES;
				CLANG_ENABLE_OBJC_WEAK = YES;
				CLANG_WARN_BLOCK_CAPTURE_AUTORELEASING = YES;
				CLANG_WARN_BOOL_CONVERSION = YES;
				CLANG_WARN_COMMA = YES;
				CLANG_WARN_CONSTANT_CONVERSION = YES;
				CLANG_WARN_DEPRECATED_OBJC_IMPLEMENTATIONS = YES;
				CLANG_WARN_DIRECT_OBJC_ISA_USAGE = YES_ERROR;
				CLANG_WARN_DOCUMENTATION_COMMENTS = YES;
				CLANG_WARN_EMPTY_BODY = YES;
				CLANG_WARN_ENUM_CONVERSION = YES;
				CLANG_WARN_INFINITE_RECURSION = YES;
				CLANG_WARN_INT_CONVERSION = YES;
				CLANG_WARN_NON_LITERAL_NULL_CONVERSION = YES;
				CLANG_WARN_OBJC_IMPLICIT_RETAIN_SELF = YES;
				CLANG_WARN_OBJC_LITERAL_CONVERSION = YES;
				CLANG_WARN_OBJC_ROOT_CLASS = YES_ERROR;
				CLANG_WARN_QUOTED_INCLUDE_IN_FRAMEWORK_HEADER = YES;
				CLANG_WARN_RANGE_LOOP_ANALYSIS = YES;
				CLANG_WARN_STRICT_PROTOTYPES = YES;
				CLANG_WARN_SUSPICIOUS_MOVE = YES;
				CLANG_WARN_UNGUARDED_AVAILABILITY = YES_AGGRESSIVE;
				CLANG_WARN_UNREACHABLE_CODE = YES;
				CLANG_WARN__DUPLICATE_METHOD_MATCH = YES;
				COPY_PHASE_STRIP = NO;
				DEBUG_INFORMATION_FORMAT = dwarf;
				ENABLE_STRICT_OBJC_MSGSEND = YES;
				ENABLE_TESTABILITY = YES;
				GCC_C_LANGUAGE_STANDARD = gnu11;
				GCC_DYNAMIC_NO_PIC = NO;
				GCC_NO_COMMON_BLOCKS = YES;
				GCC_OPTIMIZATION_LEVEL = 0;
				GCC_PREPROCESSOR_DEFINITIONS = (
					"DEBUG=1",
					"$(inherited)",
				);
				GCC_WARN_64_TO_32_BIT_CONVERSION = YES;
				GCC_WARN_ABOUT_RETURN_TYPE = YES_ERROR;
				GCC_WARN_UNDECLARED_SELECTOR = YES;
				GCC_WARN_UNINITIALIZED_AUTOS = YES_AGGRESSIVE;
				GCC_WARN_UNUSED_FUNCTION = YES;
				GCC_WARN_UNUSED_VARIABLE = YES;
				IPHONEOS_DEPLOYMENT_TARGET = 15.5;
				MTL_ENABLE_DEBUG_INFO = INCLUDE_SOURCE;
				MTL_FAST_MATH = YES;
				ONLY_ACTIVE_ARCH = YES;
				SDKROOT = iphoneos;
				SWIFT_ACTIVE_COMPILATION_CONDITIONS = DEBUG;
				SWIFT_OPTIMIZATION_LEVEL = "-Onone";
			};
			name = Debug;
		};
		FE593BDD295A0A5C00DFCD51 /* Release */ = {
			isa = XCBuildConfiguration;
			buildSettings = {
				ALWAYS_SEARCH_USER_PATHS = NO;
				CLANG_ANALYZER_NONNULL = YES;
				CLANG_ANALYZER_NUMBER_OBJECT_CONVERSION = YES_AGGRESSIVE;
				CLANG_CXX_LANGUAGE_STANDARD = "gnu++17";
				CLANG_ENABLE_MODULES = YES;
				CLANG_ENABLE_OBJC_ARC = YES;
				CLANG_ENABLE_OBJC_WEAK = YES;
				CLANG_WARN_BLOCK_CAPTURE_AUTORELEASING = YES;
				CLANG_WARN_BOOL_CONVERSION = YES;
				CLANG_WARN_COMMA = YES;
				CLANG_WARN_CONSTANT_CONVERSION = YES;
				CLANG_WARN_DEPRECATED_OBJC_IMPLEMENTATIONS = YES;
				CLANG_WARN_DIRECT_OBJC_ISA_USAGE = YES_ERROR;
				CLANG_WARN_DOCUMENTATION_COMMENTS = YES;
				CLANG_WARN_EMPTY_BODY = YES;
				CLANG_WARN_ENUM_CONVERSION = YES;
				CLANG_WARN_INFINITE_RECURSION = YES;
				CLANG_WARN_INT_CONVERSION = YES;
				CLANG_WARN_NON_LITERAL_NULL_CONVERSION = YES;
				CLANG_WARN_OBJC_IMPLICIT_RETAIN_SELF = YES;
				CLANG_WARN_OBJC_LITERAL_CONVERSION = YES;
				CLANG_WARN_OBJC_ROOT_CLASS = YES_ERROR;
				CLANG_WARN_QUOTED_INCLUDE_IN_FRAMEWORK_HEADER = YES;
				CLANG_WARN_RANGE_LOOP_ANALYSIS = YES;
				CLANG_WARN_STRICT_PROTOTYPES = YES;
				CLANG_WARN_SUSPICIOUS_MOVE = YES;
				CLANG_WARN_UNGUARDED_AVAILABILITY = YES_AGGRESSIVE;
				CLANG_WARN_UNREACHABLE_CODE = YES;
				CLANG_WARN__DUPLICATE_METHOD_MATCH = YES;
				COPY_PHASE_STRIP = NO;
				DEBUG_INFORMATION_FORMAT = "dwarf-with-dsym";
				ENABLE_NS_ASSERTIONS = NO;
				ENABLE_STRICT_OBJC_MSGSEND = YES;
				GCC_C_LANGUAGE_STANDARD = gnu11;
				GCC_NO_COMMON_BLOCKS = YES;
				GCC_WARN_64_TO_32_BIT_CONVERSION = YES;
				GCC_WARN_ABOUT_RETURN_TYPE = YES_ERROR;
				GCC_WARN_UNDECLARED_SELECTOR = YES;
				GCC_WARN_UNINITIALIZED_AUTOS = YES_AGGRESSIVE;
				GCC_WARN_UNUSED_FUNCTION = YES;
				GCC_WARN_UNUSED_VARIABLE = YES;
				IPHONEOS_DEPLOYMENT_TARGET = 15.5;
				MTL_ENABLE_DEBUG_INFO = NO;
				MTL_FAST_MATH = YES;
				SDKROOT = iphoneos;
				SWIFT_COMPILATION_MODE = wholemodule;
				SWIFT_OPTIMIZATION_LEVEL = "-O";
				VALIDATE_PRODUCT = YES;
			};
			name = Release;
		};
		FE593BDF295A0A5C00DFCD51 /* Debug */ = {
			isa = XCBuildConfiguration;
			buildSettings = {
				ASSETCATALOG_COMPILER_APPICON_NAME = AppIcon;
				ASSETCATALOG_COMPILER_GLOBAL_ACCENT_COLOR_NAME = AccentColor;
				CODE_SIGN_STYLE = Automatic;
				CURRENT_PROJECT_VERSION = 1;
				DEVELOPMENT_ASSET_PATHS = "\"InstaClone/Preview Content\"";
				DEVELOPMENT_TEAM = 6XT2H38622;
				ENABLE_PREVIEWS = YES;
				GENERATE_INFOPLIST_FILE = YES;
				INFOPLIST_KEY_UIApplicationSceneManifest_Generation = YES;
				INFOPLIST_KEY_UIApplicationSupportsIndirectInputEvents = YES;
				INFOPLIST_KEY_UILaunchScreen_Generation = YES;
				INFOPLIST_KEY_UISupportedInterfaceOrientations_iPad = "UIInterfaceOrientationPortrait UIInterfaceOrientationPortraitUpsideDown UIInterfaceOrientationLandscapeLeft UIInterfaceOrientationLandscapeRight";
				INFOPLIST_KEY_UISupportedInterfaceOrientations_iPhone = "UIInterfaceOrientationPortrait UIInterfaceOrientationLandscapeLeft UIInterfaceOrientationLandscapeRight";
				LD_RUNPATH_SEARCH_PATHS = (
					"$(inherited)",
					"@executable_path/Frameworks",
				);
				MARKETING_VERSION = 1.0;
				PRODUCT_BUNDLE_IDENTIFIER = com.ilyas.InstaClone;
				PRODUCT_NAME = "$(TARGET_NAME)";
				SWIFT_EMIT_LOC_STRINGS = YES;
				SWIFT_VERSION = 5.0;
				TARGETED_DEVICE_FAMILY = "1,2";
			};
			name = Debug;
		};
		FE593BE0295A0A5C00DFCD51 /* Release */ = {
			isa = XCBuildConfiguration;
			buildSettings = {
				ASSETCATALOG_COMPILER_APPICON_NAME = AppIcon;
				ASSETCATALOG_COMPILER_GLOBAL_ACCENT_COLOR_NAME = AccentColor;
				CODE_SIGN_STYLE = Automatic;
				CURRENT_PROJECT_VERSION = 1;
				DEVELOPMENT_ASSET_PATHS = "\"InstaClone/Preview Content\"";
				DEVELOPMENT_TEAM = 6XT2H38622;
				ENABLE_PREVIEWS = YES;
				GENERATE_INFOPLIST_FILE = YES;
				INFOPLIST_KEY_UIApplicationSceneManifest_Generation = YES;
				INFOPLIST_KEY_UIApplicationSupportsIndirectInputEvents = YES;
				INFOPLIST_KEY_UILaunchScreen_Generation = YES;
				INFOPLIST_KEY_UISupportedInterfaceOrientations_iPad = "UIInterfaceOrientationPortrait UIInterfaceOrientationPortraitUpsideDown UIInterfaceOrientationLandscapeLeft UIInterfaceOrientationLandscapeRight";
				INFOPLIST_KEY_UISupportedInterfaceOrientations_iPhone = "UIInterfaceOrientationPortrait UIInterfaceOrientationLandscapeLeft UIInterfaceOrientationLandscapeRight";
				LD_RUNPATH_SEARCH_PATHS = (
					"$(inherited)",
					"@executable_path/Frameworks",
				);
				MARKETING_VERSION = 1.0;
				PRODUCT_BUNDLE_IDENTIFIER = com.ilyas.InstaClone;
				PRODUCT_NAME = "$(TARGET_NAME)";
				SWIFT_EMIT_LOC_STRINGS = YES;
				SWIFT_VERSION = 5.0;
				TARGETED_DEVICE_FAMILY = "1,2";
			};
			name = Release;
		};
/* End XCBuildConfiguration section */

/* Begin XCConfigurationList section */
		FE593BCB295A0A5B00DFCD51 /* Build configuration list for PBXProject "InstaClone" */ = {
			isa = XCConfigurationList;
			buildConfigurations = (
				FE593BDC295A0A5C00DFCD51 /* Debug */,
				FE593BDD295A0A5C00DFCD51 /* Release */,
			);
			defaultConfigurationIsVisible = 0;
			defaultConfigurationName = Release;
		};
		FE593BDE295A0A5C00DFCD51 /* Build configuration list for PBXNativeTarget "InstaClone" */ = {
			isa = XCConfigurationList;
			buildConfigurations = (
				FE593BDF295A0A5C00DFCD51 /* Debug */,
				FE593BE0295A0A5C00DFCD51 /* Release */,
			);
			defaultConfigurationIsVisible = 0;
			defaultConfigurationName = Release;
		};
/* End XCConfigurationList section */
	};
	rootObject = FE593BC8295A0A5B00DFCD51 /* Project object */;
}
